// !$*UTF8*$!
{
	archiveVersion = 1;
	classes = {
	};
	objectVersion = 48;
	objects = {

/* Begin PBXBuildFile section */
		30050D25208788B300C01A59 /* AppDelegate.swift in Sources */ = {isa = PBXBuildFile; fileRef = 30050D24208788B300C01A59 /* AppDelegate.swift */; };
		30050D27208788B300C01A59 /* ViewController.swift in Sources */ = {isa = PBXBuildFile; fileRef = 30050D26208788B300C01A59 /* ViewController.swift */; };
		30050D2A208788B300C01A59 /* Main.storyboard in Resources */ = {isa = PBXBuildFile; fileRef = 30050D28208788B300C01A59 /* Main.storyboard */; };
		30050D2C208788B300C01A59 /* Assets.xcassets in Resources */ = {isa = PBXBuildFile; fileRef = 30050D2B208788B300C01A59 /* Assets.xcassets */; };
		30050D2F208788B300C01A59 /* LaunchScreen.storyboard in Resources */ = {isa = PBXBuildFile; fileRef = 30050D2D208788B300C01A59 /* LaunchScreen.storyboard */; };
		30050D3A208788B300C01A59 /* SmartCameraLSTATests.swift in Sources */ = {isa = PBXBuildFile; fileRef = 30050D39208788B300C01A59 /* SmartCameraLSTATests.swift */; };
		30050D45208788B300C01A59 /* SmartCameraLSTAUITests.swift in Sources */ = {isa = PBXBuildFile; fileRef = 30050D44208788B300C01A59 /* SmartCameraLSTAUITests.swift */; };
/* End PBXBuildFile section */

/* Begin PBXContainerItemProxy section */
		30050D36208788B300C01A59 /* PBXContainerItemProxy */ = {
			isa = PBXContainerItemProxy;
			containerPortal = 30050D19208788B300C01A59 /* Project object */;
			proxyType = 1;
			remoteGlobalIDString = 30050D20208788B300C01A59;
			remoteInfo = SmartCameraLSTA;
		};
		30050D41208788B300C01A59 /* PBXContainerItemProxy */ = {
			isa = PBXContainerItemProxy;
			containerPortal = 30050D19208788B300C01A59 /* Project object */;
			proxyType = 1;
			remoteGlobalIDString = 30050D20208788B300C01A59;
			remoteInfo = SmartCameraLSTA;
		};
/* End PBXContainerItemProxy section */

/* Begin PBXFileReference section */
		30050D21208788B300C01A59 /* SmartCameraLSTA.app */ = {isa = PBXFileReference; explicitFileType = wrapper.application; includeInIndex = 0; path = SmartCameraLSTA.app; sourceTree = BUILT_PRODUCTS_DIR; };
		30050D24208788B300C01A59 /* AppDelegate.swift */ = {isa = PBXFileReference; lastKnownFileType = sourcecode.swift; path = AppDelegate.swift; sourceTree = "<group>"; };
		30050D26208788B300C01A59 /* ViewController.swift */ = {isa = PBXFileReference; lastKnownFileType = sourcecode.swift; path = ViewController.swift; sourceTree = "<group>"; };
		30050D29208788B300C01A59 /* Base */ = {isa = PBXFileReference; lastKnownFileType = file.storyboard; name = Base; path = Base.lproj/Main.storyboard; sourceTree = "<group>"; };
		30050D2B208788B300C01A59 /* Assets.xcassets */ = {isa = PBXFileReference; lastKnownFileType = folder.assetcatalog; path = Assets.xcassets; sourceTree = "<group>"; };
		30050D2E208788B300C01A59 /* Base */ = {isa = PBXFileReference; lastKnownFileType = file.storyboard; name = Base; path = Base.lproj/LaunchScreen.storyboard; sourceTree = "<group>"; };
		30050D30208788B300C01A59 /* Info.plist */ = {isa = PBXFileReference; lastKnownFileType = text.plist.xml; path = Info.plist; sourceTree = "<group>"; };
		30050D35208788B300C01A59 /* SmartCameraLSTATests.xctest */ = {isa = PBXFileReference; explicitFileType = wrapper.cfbundle; includeInIndex = 0; path = SmartCameraLSTATests.xctest; sourceTree = BUILT_PRODUCTS_DIR; };
		30050D39208788B300C01A59 /* SmartCameraLSTATests.swift */ = {isa = PBXFileReference; lastKnownFileType = sourcecode.swift; path = SmartCameraLSTATests.swift; sourceTree = "<group>"; };
		30050D3B208788B300C01A59 /* Info.plist */ = {isa = PBXFileReference; lastKnownFileType = text.plist.xml; path = Info.plist; sourceTree = "<group>"; };
		30050D40208788B300C01A59 /* SmartCameraLSTAUITests.xctest */ = {isa = PBXFileReference; explicitFileType = wrapper.cfbundle; includeInIndex = 0; path = SmartCameraLSTAUITests.xctest; sourceTree = BUILT_PRODUCTS_DIR; };
		30050D44208788B300C01A59 /* SmartCameraLSTAUITests.swift */ = {isa = PBXFileReference; lastKnownFileType = sourcecode.swift; path = SmartCameraLSTAUITests.swift; sourceTree = "<group>"; };
		30050D46208788B300C01A59 /* Info.plist */ = {isa = PBXFileReference; lastKnownFileType = text.plist.xml; path = Info.plist; sourceTree = "<group>"; };
/* End PBXFileReference section */

/* Begin PBXFrameworksBuildPhase section */
		30050D1E208788B300C01A59 /* Frameworks */ = {
			isa = PBXFrameworksBuildPhase;
			buildActionMask = 2147483647;
			files = (
			);
			runOnlyForDeploymentPostprocessing = 0;
		};
		30050D32208788B300C01A59 /* Frameworks */ = {
			isa = PBXFrameworksBuildPhase;
			buildActionMask = 2147483647;
			files = (
			);
			runOnlyForDeploymentPostprocessing = 0;
		};
		30050D3D208788B300C01A59 /* Frameworks */ = {
			isa = PBXFrameworksBuildPhase;
			buildActionMask = 2147483647;
			files = (
			);
			runOnlyForDeploymentPostprocessing = 0;
		};
/* End PBXFrameworksBuildPhase section */

/* Begin PBXGroup section */
		30050D18208788B300C01A59 = {
			isa = PBXGroup;
			children = (
				30050D23208788B300C01A59 /* SmartCameraLSTA */,
				30050D38208788B300C01A59 /* SmartCameraLSTATests */,
				30050D43208788B300C01A59 /* SmartCameraLSTAUITests */,
				30050D22208788B300C01A59 /* Products */,
			);
			sourceTree = "<group>";
		};
		30050D22208788B300C01A59 /* Products */ = {
			isa = PBXGroup;
			children = (
				30050D21208788B300C01A59 /* SmartCameraLSTA.app */,
				30050D35208788B300C01A59 /* SmartCameraLSTATests.xctest */,
				30050D40208788B300C01A59 /* SmartCameraLSTAUITests.xctest */,
			);
			name = Products;
			sourceTree = "<group>";
		};
		30050D23208788B300C01A59 /* SmartCameraLSTA */ = {
			isa = PBXGroup;
			children = (
				30050D24208788B300C01A59 /* AppDelegate.swift */,
				30050D26208788B300C01A59 /* ViewController.swift */,
				30050D28208788B300C01A59 /* Main.storyboard */,
				30050D2B208788B300C01A59 /* Assets.xcassets */,
				30050D2D208788B300C01A59 /* LaunchScreen.storyboard */,
				30050D30208788B300C01A59 /* Info.plist */,
			);
			path = SmartCameraLSTA;
			sourceTree = "<group>";
		};
		30050D38208788B300C01A59 /* SmartCameraLSTATests */ = {
			isa = PBXGroup;
			children = (
				30050D39208788B300C01A59 /* SmartCameraLSTATests.swift */,
				30050D3B208788B300C01A59 /* Info.plist */,
			);
			path = SmartCameraLSTATests;
			sourceTree = "<group>";
		};
		30050D43208788B300C01A59 /* SmartCameraLSTAUITests */ = {
			isa = PBXGroup;
			children = (
				30050D44208788B300C01A59 /* SmartCameraLSTAUITests.swift */,
				30050D46208788B300C01A59 /* Info.plist */,
			);
			path = SmartCameraLSTAUITests;
			sourceTree = "<group>";
		};
/* End PBXGroup section */

/* Begin PBXNativeTarget section */
		30050D20208788B300C01A59 /* SmartCameraLSTA */ = {
			isa = PBXNativeTarget;
			buildConfigurationList = 30050D49208788B300C01A59 /* Build configuration list for PBXNativeTarget "SmartCameraLSTA" */;
			buildPhases = (
				30050D1D208788B300C01A59 /* Sources */,
				30050D1E208788B300C01A59 /* Frameworks */,
				30050D1F208788B300C01A59 /* Resources */,
			);
			buildRules = (
			);
			dependencies = (
			);
			name = SmartCameraLSTA;
			productName = SmartCameraLSTA;
			productReference = 30050D21208788B300C01A59 /* SmartCameraLSTA.app */;
			productType = "com.apple.product-type.application";
		};
		30050D34208788B300C01A59 /* SmartCameraLSTATests */ = {
			isa = PBXNativeTarget;
			buildConfigurationList = 30050D4C208788B300C01A59 /* Build configuration list for PBXNativeTarget "SmartCameraLSTATests" */;
			buildPhases = (
				30050D31208788B300C01A59 /* Sources */,
				30050D32208788B300C01A59 /* Frameworks */,
				30050D33208788B300C01A59 /* Resources */,
			);
			buildRules = (
			);
			dependencies = (
				30050D37208788B300C01A59 /* PBXTargetDependency */,
			);
			name = SmartCameraLSTATests;
			productName = SmartCameraLSTATests;
			productReference = 30050D35208788B300C01A59 /* SmartCameraLSTATests.xctest */;
			productType = "com.apple.product-type.bundle.unit-test";
		};
		30050D3F208788B300C01A59 /* SmartCameraLSTAUITests */ = {
			isa = PBXNativeTarget;
			buildConfigurationList = 30050D4F208788B300C01A59 /* Build configuration list for PBXNativeTarget "SmartCameraLSTAUITests" */;
			buildPhases = (
				30050D3C208788B300C01A59 /* Sources */,
				30050D3D208788B300C01A59 /* Frameworks */,
				30050D3E208788B300C01A59 /* Resources */,
			);
			buildRules = (
			);
			dependencies = (
				30050D42208788B300C01A59 /* PBXTargetDependency */,
			);
			name = SmartCameraLSTAUITests;
			productName = SmartCameraLSTAUITests;
			productReference = 30050D40208788B300C01A59 /* SmartCameraLSTAUITests.xctest */;
			productType = "com.apple.product-type.bundle.ui-testing";
		};
/* End PBXNativeTarget section */

/* Begin PBXProject section */
		30050D19208788B300C01A59 /* Project object */ = {
			isa = PBXProject;
			attributes = {
				LastSwiftUpdateCheck = 0920;
				LastUpgradeCheck = 0920;
				ORGANIZATIONNAME = mealmatch;
				TargetAttributes = {
					30050D20208788B300C01A59 = {
						CreatedOnToolsVersion = 9.2;
						ProvisioningStyle = Automatic;
					};
					30050D34208788B300C01A59 = {
						CreatedOnToolsVersion = 9.2;
						ProvisioningStyle = Automatic;
						TestTargetID = 30050D20208788B300C01A59;
					};
					30050D3F208788B300C01A59 = {
						CreatedOnToolsVersion = 9.2;
						ProvisioningStyle = Automatic;
						TestTargetID = 30050D20208788B300C01A59;
					};
				};
			};
			buildConfigurationList = 30050D1C208788B300C01A59 /* Build configuration list for PBXProject "SmartCameraLSTA" */;
			compatibilityVersion = "Xcode 8.0";
			developmentRegion = en;
			hasScannedForEncodings = 0;
			knownRegions = (
				en,
				Base,
			);
			mainGroup = 30050D18208788B300C01A59;
			productRefGroup = 30050D22208788B300C01A59 /* Products */;
			projectDirPath = "";
			projectRoot = "";
			targets = (
				30050D20208788B300C01A59 /* SmartCameraLSTA */,
				30050D34208788B300C01A59 /* SmartCameraLSTATests */,
				30050D3F208788B300C01A59 /* SmartCameraLSTAUITests */,
			);
		};
/* End PBXProject section */

/* Begin PBXResourcesBuildPhase section */
		30050D1F208788B300C01A59 /* Resources */ = {
			isa = PBXResourcesBuildPhase;
			buildActionMask = 2147483647;
			files = (
				30050D2F208788B300C01A59 /* LaunchScreen.storyboard in Resources */,
				30050D2C208788B300C01A59 /* Assets.xcassets in Resources */,
				30050D2A208788B300C01A59 /* Main.storyboard in Resources */,
			);
			runOnlyForDeploymentPostprocessing = 0;
		};
		30050D33208788B300C01A59 /* Resources */ = {
			isa = PBXResourcesBuildPhase;
			buildActionMask = 2147483647;
			files = (
			);
			runOnlyForDeploymentPostprocessing = 0;
		};
		30050D3E208788B300C01A59 /* Resources */ = {
			isa = PBXResourcesBuildPhase;
			buildActionMask = 2147483647;
			files = (
			);
			runOnlyForDeploymentPostprocessing = 0;
		};
/* End PBXResourcesBuildPhase section */

/* Begin PBXSourcesBuildPhase section */
		30050D1D208788B300C01A59 /* Sources */ = {
			isa = PBXSourcesBuildPhase;
			buildActionMask = 2147483647;
			files = (
				30050D27208788B300C01A59 /* ViewController.swift in Sources */,
				30050D25208788B300C01A59 /* AppDelegate.swift in Sources */,
			);
			runOnlyForDeploymentPostprocessing = 0;
		};
		30050D31208788B300C01A59 /* Sources */ = {
			isa = PBXSourcesBuildPhase;
			buildActionMask = 2147483647;
			files = (
				30050D3A208788B300C01A59 /* SmartCameraLSTATests.swift in Sources */,
			);
			runOnlyForDeploymentPostprocessing = 0;
		};
		30050D3C208788B300C01A59 /* Sources */ = {
			isa = PBXSourcesBuildPhase;
			buildActionMask = 2147483647;
			files = (
				30050D45208788B300C01A59 /* SmartCameraLSTAUITests.swift in Sources */,
			);
			runOnlyForDeploymentPostprocessing = 0;
		};
/* End PBXSourcesBuildPhase section */

/* Begin PBXTargetDependency section */
		30050D37208788B300C01A59 /* PBXTargetDependency */ = {
			isa = PBXTargetDependency;
			target = 30050D20208788B300C01A59 /* SmartCameraLSTA */;
			targetProxy = 30050D36208788B300C01A59 /* PBXContainerItemProxy */;
		};
		30050D42208788B300C01A59 /* PBXTargetDependency */ = {
			isa = PBXTargetDependency;
			target = 30050D20208788B300C01A59 /* SmartCameraLSTA */;
			targetProxy = 30050D41208788B300C01A59 /* PBXContainerItemProxy */;
		};
/* End PBXTargetDependency section */

/* Begin PBXVariantGroup section */
		30050D28208788B300C01A59 /* Main.storyboard */ = {
			isa = PBXVariantGroup;
			children = (
				30050D29208788B300C01A59 /* Base */,
			);
			name = Main.storyboard;
			sourceTree = "<group>";
		};
		30050D2D208788B300C01A59 /* LaunchScreen.storyboard */ = {
			isa = PBXVariantGroup;
			children = (
				30050D2E208788B300C01A59 /* Base */,
			);
			name = LaunchScreen.storyboard;
			sourceTree = "<group>";
		};
/* End PBXVariantGroup section */

/* Begin XCBuildConfiguration section */
		30050D47208788B300C01A59 /* Debug */ = {
			isa = XCBuildConfiguration;
			buildSettings = {
				ALWAYS_SEARCH_USER_PATHS = NO;
				CLANG_ANALYZER_NONNULL = YES;
				CLANG_ANALYZER_NUMBER_OBJECT_CONVERSION = YES_AGGRESSIVE;
				CLANG_CXX_LANGUAGE_STANDARD = "gnu++14";
				CLANG_CXX_LIBRARY = "libc++";
				CLANG_ENABLE_MODULES = YES;
				CLANG_ENABLE_OBJC_ARC = YES;
				CLANG_WARN_BLOCK_CAPTURE_AUTORELEASING = YES;
				CLANG_WARN_BOOL_CONVERSION = YES;
				CLANG_WARN_COMMA = YES;
				CLANG_WARN_CONSTANT_CONVERSION = YES;
				CLANG_WARN_DIRECT_OBJC_ISA_USAGE = YES_ERROR;
				CLANG_WARN_DOCUMENTATION_COMMENTS = YES;
				CLANG_WARN_EMPTY_BODY = YES;
				CLANG_WARN_ENUM_CONVERSION = YES;
				CLANG_WARN_INFINITE_RECURSION = YES;
				CLANG_WARN_INT_CONVERSION = YES;
				CLANG_WARN_NON_LITERAL_NULL_CONVERSION = YES;
				CLANG_WARN_OBJC_LITERAL_CONVERSION = YES;
				CLANG_WARN_OBJC_ROOT_CLASS = YES_ERROR;
				CLANG_WARN_RANGE_LOOP_ANALYSIS = YES;
				CLANG_WARN_STRICT_PROTOTYPES = YES;
				CLANG_WARN_SUSPICIOUS_MOVE = YES;
				CLANG_WARN_UNGUARDED_AVAILABILITY = YES_AGGRESSIVE;
				CLANG_WARN_UNREACHABLE_CODE = YES;
				CLANG_WARN__DUPLICATE_METHOD_MATCH = YES;
				CODE_SIGN_IDENTITY = "iPhone Developer";
				COPY_PHASE_STRIP = NO;
				DEBUG_INFORMATION_FORMAT = dwarf;
				ENABLE_STRICT_OBJC_MSGSEND = YES;
				ENABLE_TESTABILITY = YES;
				GCC_C_LANGUAGE_STANDARD = gnu11;
				GCC_DYNAMIC_NO_PIC = NO;
				GCC_NO_COMMON_BLOCKS = YES;
				GCC_OPTIMIZATION_LEVEL = 0;
				GCC_PREPROCESSOR_DEFINITIONS = (
					"DEBUG=1",
					"$(inherited)",
				);
				GCC_WARN_64_TO_32_BIT_CONVERSION = YES;
				GCC_WARN_ABOUT_RETURN_TYPE = YES_ERROR;
				GCC_WARN_UNDECLARED_SELECTOR = YES;
				GCC_WARN_UNINITIALIZED_AUTOS = YES_AGGRESSIVE;
				GCC_WARN_UNUSED_FUNCTION = YES;
				GCC_WARN_UNUSED_VARIABLE = YES;
				IPHONEOS_DEPLOYMENT_TARGET = 11.2;
				MTL_ENABLE_DEBUG_INFO = YES;
				ONLY_ACTIVE_ARCH = YES;
				SDKROOT = iphoneos;
				SWIFT_ACTIVE_COMPILATION_CONDITIONS = DEBUG;
				SWIFT_OPTIMIZATION_LEVEL = "-Onone";
			};
			name = Debug;
		};
		30050D48208788B300C01A59 /* Release */ = {
			isa = XCBuildConfiguration;
			buildSettings = {
				ALWAYS_SEARCH_USER_PATHS = NO;
				CLANG_ANALYZER_NONNULL = YES;
				CLANG_ANALYZER_NUMBER_OBJECT_CONVERSION = YES_AGGRESSIVE;
				CLANG_CXX_LANGUAGE_STANDARD = "gnu++14";
				CLANG_CXX_LIBRARY = "libc++";
				CLANG_ENABLE_MODULES = YES;
				CLANG_ENABLE_OBJC_ARC = YES;
				CLANG_WARN_BLOCK_CAPTURE_AUTORELEASING = YES;
				CLANG_WARN_BOOL_CONVERSION = YES;
				CLANG_WARN_COMMA = YES;
				CLANG_WARN_CONSTANT_CONVERSION = YES;
				CLANG_WARN_DIRECT_OBJC_ISA_USAGE = YES_ERROR;
				CLANG_WARN_DOCUMENTATION_COMMENTS = YES;
				CLANG_WARN_EMPTY_BODY = YES;
				CLANG_WARN_ENUM_CONVERSION = YES;
				CLANG_WARN_INFINITE_RECURSION = YES;
				CLANG_WARN_INT_CONVERSION = YES;
				CLANG_WARN_NON_LITERAL_NULL_CONVERSION = YES;
				CLANG_WARN_OBJC_LITERAL_CONVERSION = YES;
				CLANG_WARN_OBJC_ROOT_CLASS = YES_ERROR;
				CLANG_WARN_RANGE_LOOP_ANALYSIS = YES;
				CLANG_WARN_STRICT_PROTOTYPES = YES;
				CLANG_WARN_SUSPICIOUS_MOVE = YES;
				CLANG_WARN_UNGUARDED_AVAILABILITY = YES_AGGRESSIVE;
				CLANG_WARN_UNREACHABLE_CODE = YES;
				CLANG_WARN__DUPLICATE_METHOD_MATCH = YES;
				CODE_SIGN_IDENTITY = "iPhone Developer";
				COPY_PHASE_STRIP = NO;
				DEBUG_INFORMATION_FORMAT = "dwarf-with-dsym";
				ENABLE_NS_ASSERTIONS = NO;
				ENABLE_STRICT_OBJC_MSGSEND = YES;
				GCC_C_LANGUAGE_STANDARD = gnu11;
				GCC_NO_COMMON_BLOCKS = YES;
				GCC_WARN_64_TO_32_BIT_CONVERSION = YES;
				GCC_WARN_ABOUT_RETURN_TYPE = YES_ERROR;
				GCC_WARN_UNDECLARED_SELECTOR = YES;
				GCC_WARN_UNINITIALIZED_AUTOS = YES_AGGRESSIVE;
				GCC_WARN_UNUSED_FUNCTION = YES;
				GCC_WARN_UNUSED_VARIABLE = YES;
				IPHONEOS_DEPLOYMENT_TARGET = 11.2;
				MTL_ENABLE_DEBUG_INFO = NO;
				SDKROOT = iphoneos;
				SWIFT_OPTIMIZATION_LEVEL = "-Owholemodule";
				VALIDATE_PRODUCT = YES;
			};
			name = Release;
		};
		30050D4A208788B300C01A59 /* Debug */ = {
			isa = XCBuildConfiguration;
			buildSettings = {
				ASSETCATALOG_COMPILER_APPICON_NAME = AppIcon;
				CODE_SIGN_STYLE = Automatic;
				DEVELOPMENT_TEAM = 9WJNY6J6CA;
				INFOPLIST_FILE = SmartCameraLSTA/Info.plist;
				LD_RUNPATH_SEARCH_PATHS = "$(inherited) @executable_path/Frameworks";
				PRODUCT_BUNDLE_IDENTIFIER = mealmatch.SmartCameraLSTA;
				PRODUCT_NAME = "$(TARGET_NAME)";
				SWIFT_VERSION = 4.0;
				TARGETED_DEVICE_FAMILY = "1,2";
			};
			name = Debug;
		};
		30050D4B208788B300C01A59 /* Release */ = {
			isa = XCBuildConfiguration;
			buildSettings = {
				ASSETCATALOG_COMPILER_APPICON_NAME = AppIcon;
				CODE_SIGN_STYLE = Automatic;
				DEVELOPMENT_TEAM = 9WJNY6J6CA;
				INFOPLIST_FILE = SmartCameraLSTA/Info.plist;
				LD_RUNPATH_SEARCH_PATHS = "$(inherited) @executable_path/Frameworks";
				PRODUCT_BUNDLE_IDENTIFIER = mealmatch.SmartCameraLSTA;
				PRODUCT_NAME = "$(TARGET_NAME)";
				SWIFT_VERSION = 4.0;
				TARGETED_DEVICE_FAMILY = "1,2";
			};
			name = Release;
		};
		30050D4D208788B300C01A59 /* Debug */ = {
			isa = XCBuildConfiguration;
			buildSettings = {
				ALWAYS_EMBED_SWIFT_STANDARD_LIBRARIES = YES;
				BUNDLE_LOADER = "$(TEST_HOST)";
				CODE_SIGN_STYLE = Automatic;
				DEVELOPMENT_TEAM = 9WJNY6J6CA;
				INFOPLIST_FILE = SmartCameraLSTATests/Info.plist;
				LD_RUNPATH_SEARCH_PATHS = "$(inherited) @executable_path/Frameworks @loader_path/Frameworks";
				PRODUCT_BUNDLE_IDENTIFIER = mealmatch.SmartCameraLSTATests;
				PRODUCT_NAME = "$(TARGET_NAME)";
				SWIFT_VERSION = 4.0;
				TARGETED_DEVICE_FAMILY = "1,2";
				TEST_HOST = "$(BUILT_PRODUCTS_DIR)/SmartCameraLSTA.app/SmartCameraLSTA";
			};
			name = Debug;
		};
		30050D4E208788B300C01A59 /* Release */ = {
			isa = XCBuildConfiguration;
			buildSettings = {
				ALWAYS_EMBED_SWIFT_STANDARD_LIBRARIES = YES;
				BUNDLE_LOADER = "$(TEST_HOST)";
				CODE_SIGN_STYLE = Automatic;
				DEVELOPMENT_TEAM = 9WJNY6J6CA;
				INFOPLIST_FILE = SmartCameraLSTATests/Info.plist;
				LD_RUNPATH_SEARCH_PATHS = "$(inherited) @executable_path/Frameworks @loader_path/Frameworks";
				PRODUCT_BUNDLE_IDENTIFIER = mealmatch.SmartCameraLSTATests;
				PRODUCT_NAME = "$(TARGET_NAME)";
				SWIFT_VERSION = 4.0;
				TARGETED_DEVICE_FAMILY = "1,2";
				TEST_HOST = "$(BUILT_PRODUCTS_DIR)/SmartCameraLSTA.app/SmartCameraLSTA";
			};
			name = Release;
		};
		30050D50208788B300C01A59 /* Debug */ = {
			isa = XCBuildConfiguration;
			buildSettings = {
				ALWAYS_EMBED_SWIFT_STANDARD_LIBRARIES = YES;
				CODE_SIGN_STYLE = Automatic;
				DEVELOPMENT_TEAM = 9WJNY6J6CA;
				INFOPLIST_FILE = SmartCameraLSTAUITests/Info.plist;
				LD_RUNPATH_SEARCH_PATHS = "$(inherited) @executable_path/Frameworks @loader_path/Frameworks";
				PRODUCT_BUNDLE_IDENTIFIER = mealmatch.SmartCameraLSTAUITests;
				PRODUCT_NAME = "$(TARGET_NAME)";
				SWIFT_VERSION = 4.0;
				TARGETED_DEVICE_FAMILY = "1,2";
				TEST_TARGET_NAME = SmartCameraLSTA;
			};
			name = Debug;
		};
		30050D51208788B300C01A59 /* Release */ = {
			isa = XCBuildConfiguration;
			buildSettings = {
				ALWAYS_EMBED_SWIFT_STANDARD_LIBRARIES = YES;
				CODE_SIGN_STYLE = Automatic;
				DEVELOPMENT_TEAM = 9WJNY6J6CA;
				INFOPLIST_FILE = SmartCameraLSTAUITests/Info.plist;
				LD_RUNPATH_SEARCH_PATHS = "$(inherited) @executable_path/Frameworks @loader_path/Frameworks";
				PRODUCT_BUNDLE_IDENTIFIER = mealmatch.SmartCameraLSTAUITests;
				PRODUCT_NAME = "$(TARGET_NAME)";
				SWIFT_VERSION = 4.0;
				TARGETED_DEVICE_FAMILY = "1,2";
				TEST_TARGET_NAME = SmartCameraLSTA;
			};
			name = Release;
		};
/* End XCBuildConfiguration section */

/* Begin XCConfigurationList section */
		30050D1C208788B300C01A59 /* Build configuration list for PBXProject "SmartCameraLSTA" */ = {
			isa = XCConfigurationList;
			buildConfigurations = (
				30050D47208788B300C01A59 /* Debug */,
				30050D48208788B300C01A59 /* Release */,
			);
			defaultConfigurationIsVisible = 0;
			defaultConfigurationName = Release;
		};
		30050D49208788B300C01A59 /* Build configuration list for PBXNativeTarget "SmartCameraLSTA" */ = {
			isa = XCConfigurationList;
			buildConfigurations = (
				30050D4A208788B300C01A59 /* Debug */,
				30050D4B208788B300C01A59 /* Release */,
			);
			defaultConfigurationIsVisible = 0;
			defaultConfigurationName = Release;
		};
		30050D4C208788B300C01A59 /* Build configuration list for PBXNativeTarget "SmartCameraLSTATests" */ = {
			isa = XCConfigurationList;
			buildConfigurations = (
				30050D4D208788B300C01A59 /* Debug */,
				30050D4E208788B300C01A59 /* Release */,
			);
			defaultConfigurationIsVisible = 0;
			defaultConfigurationName = Release;
		};
		30050D4F208788B300C01A59 /* Build configuration list for PBXNativeTarget "SmartCameraLSTAUITests" */ = {
			isa = XCConfigurationList;
			buildConfigurations = (
				30050D50208788B300C01A59 /* Debug */,
				30050D51208788B300C01A59 /* Release */,
			);
			defaultConfigurationIsVisible = 0;
			defaultConfigurationName = Release;
		};
/* End XCConfigurationList section */
	};
	rootObject = 30050D19208788B300C01A59 /* Project object */;
}
